
Microsoft Visual Studio Solution File, Format Version 12.00
# Visual Studio 15
VisualStudioVersion = 15.0.28010.0
MinimumVisualStudioVersion = 10.0.40219.1
Project("{FAE04EC0-301F-11D3-BF4B-00C04F79EFBC}") = "Main", "Domain\Main.csproj", "{6B3D11B7-B054-4DA0-AB22-D0D2C247E0B9}"
EndProject
Project("{2150E333-8FDC-42A3-9474-1A3956D46DE8}") = "1. Domain", "1. Domain", "{BBD090BB-83A0-410E-9191-33B659F14559}"
EndProject
Project("{FAE04EC0-301F-11D3-BF4B-00C04F79EFBC}") = "Domain.Entities", "Domain.Entities\Domain.Entities.csproj", "{86967859-B2DF-46A0-B435-09D17DC00E88}"
EndProject
Project("{FAE04EC0-301F-11D3-BF4B-00C04F79EFBC}") = "Domain.Interfaces", "Domain.Interfaces\Domain.Interfaces.csproj", "{27601485-95E6-4A7F-B912-48DF6E0AFD2F}"
EndProject
Project("{2150E333-8FDC-42A3-9474-1A3956D46DE8}") = "2. Service Interface", "2. Service Interface", "{C2CCBAB8-C6A6-494D-A8E0-937011D18A77}"
EndProject
Project("{2150E333-8FDC-42A3-9474-1A3956D46DE8}") = "3. Service", "3. Service", "{6E4ABB91-BE32-47D7-8887-B763286BDA53}"
EndProject
Project("{2150E333-8FDC-42A3-9474-1A3956D46DE8}") = "4. Infrustracture", "4. Infrustracture", "{3AF5D620-75BB-492F-BB7A-95D65FEB2FAB}"
EndProject
Project("{FAE04EC0-301F-11D3-BF4B-00C04F79EFBC}") = "ServiceInterfaces", "ServiceInterfaces\ServiceInterfaces.csproj", "{64616670-BBE1-431F-A056-43BF564C66C4}"
EndProject
Global
	GlobalSection(SolutionConfigurationPlatforms) = preSolution
		Debug|Any CPU = Debug|Any CPU
		Release|Any CPU = Release|Any CPU
	EndGlobalSection
	GlobalSection(ProjectConfigurationPlatforms) = postSolution
		{6B3D11B7-B054-4DA0-AB22-D0D2C247E0B9}.Debug|Any CPU.ActiveCfg = Debug|Any CPU
		{6B3D11B7-B054-4DA0-AB22-D0D2C247E0B9}.Debug|Any CPU.Build.0 = Debug|Any CPU
		{6B3D11B7-B054-4DA0-AB22-D0D2C247E0B9}.Release|Any CPU.ActiveCfg = Release|Any CPU
		{6B3D11B7-B054-4DA0-AB22-D0D2C247E0B9}.Release|Any CPU.Build.0 = Release|Any CPU
		{86967859-B2DF-46A0-B435-09D17DC00E88}.Debug|Any CPU.ActiveCfg = Debug|Any CPU
		{86967859-B2DF-46A0-B435-09D17DC00E88}.Debug|Any CPU.Build.0 = Debug|Any CPU
		{86967859-B2DF-46A0-B435-09D17DC00E88}.Release|Any CPU.ActiveCfg = Release|Any CPU
		{86967859-B2DF-46A0-B435-09D17DC00E88}.Release|Any CPU.Build.0 = Release|Any CPU
		{27601485-95E6-4A7F-B912-48DF6E0AFD2F}.Debug|Any CPU.ActiveCfg = Debug|Any CPU
		{27601485-95E6-4A7F-B912-48DF6E0AFD2F}.Debug|Any CPU.Build.0 = Debug|Any CPU
		{27601485-95E6-4A7F-B912-48DF6E0AFD2F}.Release|Any CPU.ActiveCfg = Release|Any CPU
		{27601485-95E6-4A7F-B912-48DF6E0AFD2F}.Release|Any CPU.Build.0 = Release|Any CPU
		{64616670-BBE1-431F-A056-43BF564C66C4}.Debug|Any CPU.ActiveCfg = Debug|Any CPU
		{64616670-BBE1-431F-A056-43BF564C66C4}.Debug|Any CPU.Build.0 = Debug|Any CPU
		{64616670-BBE1-431F-A056-43BF564C66C4}.Release|Any CPU.ActiveCfg = Release|Any CPU
		{64616670-BBE1-431F-A056-43BF564C66C4}.Release|Any CPU.Build.0 = Release|Any CPU
	EndGlobalSection
	GlobalSection(SolutionProperties) = preSolution
		HideSolutionNode = FALSE
	EndGlobalSection
	GlobalSection(NestedProjects) = preSolution
		{86967859-B2DF-46A0-B435-09D17DC00E88} = {BBD090BB-83A0-410E-9191-33B659F14559}
		{27601485-95E6-4A7F-B912-48DF6E0AFD2F} = {BBD090BB-83A0-410E-9191-33B659F14559}
		{64616670-BBE1-431F-A056-43BF564C66C4} = {C2CCBAB8-C6A6-494D-A8E0-937011D18A77}
	EndGlobalSection
	GlobalSection(ExtensibilityGlobals) = postSolution
		SolutionGuid = {8D3A2F06-9E86-4BAA-8334-478D14213C43}
	EndGlobalSection
EndGlobal
